<?xml version="1.0" encoding="utf-8"?>
<Project ToolsVersion="4.0" xmlns="http://schemas.microsoft.com/developer/msbuild/2003">
  <ItemGroup>
    <Filter Include="Source Files">
      <UniqueIdentifier>{4FC737F1-C7A5-4376-A066-2A32D752A2FF}</UniqueIdentifier>
      <Extensions>cpp;c;cc;cxx;c++;cppm;ixx;def;odl;idl;hpj;bat;asm;asmx</Extensions>
    </Filter>
    <Filter Include="Header Files">
      <UniqueIdentifier>{93995380-89BD-4b04-88EB-625FBE52EBFB}</UniqueIdentifier>
      <Extensions>h;hh;hpp;hxx;h++;hm;inl;inc;ipp;xsd</Extensions>
    </Filter>
    <Filter Include="Resource Files">
      <UniqueIdentifier>{67DA6AB6-F800-4c08-8B7A-83BB121AAD01}</UniqueIdentifier>
      <Extensions>rc;ico;cur;bmp;dlg;rc2;rct;bin;rgs;gif;jpg;jpeg;jpe;resx;tiff;tif;png;wav;mfcribbon-ms</Extensions>
    </Filter>
  </ItemGroup>
  <ItemGroup>
    <ClInclude Include="framework.h">
      <Filter>Header Files</Filter>
    </ClInclude>
    <ClInclude Include="pch.h">
      <Filter>Header Files</Filter>
    </ClInclude>
    <ClInclude Include="include\AgisMacros.h">
      <Filter>Header Files</Filter>
    </ClInclude>
    <ClInclude Include="include\AgisDeclare.h">
      <Filter>Header Files</Filter>
    </ClInclude>
    <ClInclude Include="external\include\ankerl\unordered_dense.h">
      <Filter>Header Files</Filter>
    </ClInclude>
    <ClInclude Include="include\AgisAST.h">
      <Filter>Header Files</Filter>
    </ClInclude>
  </ItemGroup>
  <ItemGroup>
    <ClCompile Include="dllmain.cpp">
      <Filter>Source Files</Filter>
    </ClCompile>
    <ClCompile Include="pch.cpp">
      <Filter>Source Files</Filter>
    </ClCompile>
    <ClCompile Include="modules\asset\Asset.Core.ixx">
      <Filter>Source Files</Filter>
    </ClCompile>
    <ClCompile Include="modules\asset\Asset.Core.cpp">
      <Filter>Source Files</Filter>
    </ClCompile>
    <ClCompile Include="modules\asset\Asset.Private.ixx">
      <Filter>Source Files</Filter>
    </ClCompile>
    <ClCompile Include="modules\asset\Asset.Private.cpp">
      <Filter>Source Files</Filter>
    </ClCompile>
    <ClCompile Include="modules\standard\AgisFileUtils.ixx">
      <Filter>Source Files</Filter>
    </ClCompile>
    <ClCompile Include="modules\standard\AgisTimeUtils.ixx">
      <Filter>Source Files</Filter>
    </ClCompile>
    <ClCompile Include="modules\exchange\Exchange.Core.ixx">
      <Filter>Source Files</Filter>
    </ClCompile>
    <ClCompile Include="modules\exchange\Exchange.Core.cpp">
      <Filter>Source Files</Filter>
    </ClCompile>
    <ClCompile Include="modules\standard\AgisArrayUtils.ixx">
      <Filter>Source Files</Filter>
    </ClCompile>
    <ClCompile Include="modules\exchange\ExchangeMap.ixx">
      <Filter>Source Files</Filter>
    </ClCompile>
    <ClCompile Include="modules\exchange\ExchangeMap.cpp">
      <Filter>Source Files</Filter>
    </ClCompile>
    <ClCompile Include="modules\hydra\Hydra.ixx">
      <Filter>Source Files</Filter>
    </ClCompile>
    <ClCompile Include="modules\hydra\Hydra.cpp">
      <Filter>Source Files</Filter>
    </ClCompile>
    <ClCompile Include="modules\order\Order.ixx">
      <Filter>Source Files</Filter>
    </ClCompile>
    <ClCompile Include="modules\order\Order.cpp">
      <Filter>Source Files</Filter>
    </ClCompile>
    <ClCompile Include="modules\portfolio\Trade.ixx">
      <Filter>Source Files</Filter>
    </ClCompile>
    <ClCompile Include="modules\portfolio\Trade.cpp">
      <Filter>Source Files</Filter>
    </ClCompile>
    <ClCompile Include="modules\portfolio\Position.ixx">
      <Filter>Source Files</Filter>
    </ClCompile>
    <ClCompile Include="modules\portfolio\Position.cpp">
      <Filter>Source Files</Filter>
    </ClCompile>
    <ClCompile Include="modules\portfolio\Portfolio.ixx">
      <Filter>Source Files</Filter>
    </ClCompile>
    <ClCompile Include="modules\portfolio\Portfolio.cpp">
      <Filter>Source Files</Filter>
    </ClCompile>
    <ClCompile Include="modules\strategy\Strategy.ixx">
      <Filter>Source Files</Filter>
    </ClCompile>
    <ClCompile Include="modules\strategy\Strategy.cpp">
      <Filter>Source Files</Filter>
    </ClCompile>
    <ClCompile Include="modules\standard\AgisError.ixx">
      <Filter>Source Files</Filter>
    </ClCompile>
    <ClCompile Include="modules\strategy\StrategyTracer.ixx">
      <Filter>Source Files</Filter>
    </ClCompile>
    <ClCompile Include="modules\strategy\StrategyTracer.cpp">
      <Filter>Source Files</Filter>
    </ClCompile>
    <ClCompile Include="modules\io\Serialize.ixx">
      <Filter>Source Files</Filter>
    </ClCompile>
    <ClCompile Include="modules\io\Serialize.cpp">
      <Filter>Source Files</Filter>
    </ClCompile>
    <ClCompile Include="modules\ast\BaseNode.ixx">
      <Filter>Source Files</Filter>
    </ClCompile>
    <ClCompile Include="modules\ast\AssetNode.ixx">
      <Filter>Source Files</Filter>
    </ClCompile>
    <ClCompile Include="modules\ast\AssetNode.cpp">
      <Filter>Source Files</Filter>
    </ClCompile>
    <ClCompile Include="modules\ast\BaseNode.cpp">
      <Filter>Source Files</Filter>
    </ClCompile>
    <ClCompile Include="modules\ast\ExchangeNode.ixx">
      <Filter>Source Files</Filter>
    </ClCompile>
    <ClCompile Include="modules\ast\ExchangeNode.cpp">
      <Filter>Source Files</Filter>
    </ClCompile>
    <ClCompile Include="modules\ast\AgisStrategyTree.ixx">
      <Filter>Source Files</Filter>
    </ClCompile>
    <ClCompile Include="modules\ast\AllocationNode.ixx">
      <Filter>Source Files</Filter>
    </ClCompile>
    <ClCompile Include="modules\ast\AllocationNode.cpp">
      <Filter>Source Files</Filter>
    </ClCompile>
    <ClCompile Include="modules\ast\StrategyNode.ixx">
      <Filter>Source Files</Filter>
    </ClCompile>
    <ClCompile Include="modules\ast\StrategyNode.cpp">
      <Filter>Source Files</Filter>
    </ClCompile>
    <ClCompile Include="modules\risk\RiskAlloc.ixx">
      <Filter>Source Files</Filter>
    </ClCompile>
    <ClCompile Include="modules\risk\RiskAlloc.cpp">
      <Filter>Source Files</Filter>
    </ClCompile>
    <ClCompile Include="modules\risk\AgisRisk.ixx">
      <Filter>Source Files</Filter>
    </ClCompile>
    <ClCompile Include="modules\risk\RiskDeclare.ixx">
      <Filter>Source Files</Filter>
    </ClCompile>
    <ClCompile Include="modules\asset\AssetObserver.ixx">
      <Filter>Source Files</Filter>
    </ClCompile>
    <ClCompile Include="modules\asset\AssetObserver.cpp">
      <Filter>Source Files</Filter>
    </ClCompile>
    <ClCompile Include="modules\standard\AgisPointers.ixx">
      <Filter>Source Files</Filter>
    </ClCompile>
    <ClCompile Include="modules\strategy\ASTStrategy.ixx">
      <Filter>Source Files</Filter>
    </ClCompile>
    <ClCompile Include="modules\strategy\ASTStrategy.cpp">
      <Filter>Source Files</Filter>
    </ClCompile>
    <ClCompile Include="modules\standard\AgisXPool.ixx">
      <Filter>Source Files</Filter>
    </ClCompile>
    <ClCompile Include="modules\standard\AgisTypes.ixx">
      <Filter>Source Files</Filter>
    </ClCompile>
  </ItemGroup>
  <ItemGroup>
    <None Include="ClassDiagram.cd" />
    <None Include="ClassDiagram1.cd" />
  </ItemGroup>
</Project>